
Microsoft Visual Studio Solution File, Format Version 12.00
# Visual Studio 15
VisualStudioVersion = 15.0.28307.168
MinimumVisualStudioVersion = 10.0.40219.1
Project("{FAE04EC0-301F-11D3-BF4B-00C04F79EFBC}") = "ClientManagementApp", "ClientManagementApp\ClientManagementApp.csproj", "{09506197-829C-47D8-9A82-E7430A841515}"
EndProject
Global
	GlobalSection(SolutionConfigurationPlatforms) = preSolution
		Debug|Any CPU = Debug|Any CPU
		Release|Any CPU = Release|Any CPU
	EndGlobalSection
	GlobalSection(ProjectConfigurationPlatforms) = postSolution
		{09506197-829C-47D8-9A82-E7430A841515}.Debug|Any CPU.ActiveCfg = Debug|Any CPU
		{09506197-829C-47D8-9A82-E7430A841515}.Debug|Any CPU.Build.0 = Debug|Any CPU
		{09506197-829C-47D8-9A82-E7430A841515}.Release|Any CPU.ActiveCfg = Release|Any CPU
		{09506197-829C-47D8-9A82-E7430A841515}.Release|Any CPU.Build.0 = Release|Any CPU
	EndGlobalSection
	GlobalSection(SolutionProperties) = preSolution
		HideSolutionNode = FALSE
	EndGlobalSection
	GlobalSection(ExtensibilityGlobals) = postSolution
		SolutionGuid = {B04BC3D5-2B58-4707-8D51-F450BC90E04F}
	EndGlobalSection
EndGlobal
